
Microsoft Visual Studio Solution File, Format Version 12.00
# Visual Studio Version 16
VisualStudioVersion = 16.0.31313.79
MinimumVisualStudioVersion = 10.0.40219.1
Project("{FAE04EC0-301F-11D3-BF4B-00C04F79EFBC}") = "timerChess", "timerChess\timerChess.csproj", "{76A649B6-7EE6-4493-BA44-8F5534B5131B}"
EndProject
Global
	GlobalSection(SolutionConfigurationPlatforms) = preSolution
		Debug|Any CPU = Debug|Any CPU
		Release|Any CPU = Release|Any CPU
	EndGlobalSection
	GlobalSection(ProjectConfigurationPlatforms) = postSolution
		{76A649B6-7EE6-4493-BA44-8F5534B5131B}.Debug|Any CPU.ActiveCfg = Debug|Any CPU
		{76A649B6-7EE6-4493-BA44-8F5534B5131B}.Debug|Any CPU.Build.0 = Debug|Any CPU
		{76A649B6-7EE6-4493-BA44-8F5534B5131B}.Release|Any CPU.ActiveCfg = Release|Any CPU
		{76A649B6-7EE6-4493-BA44-8F5534B5131B}.Release|Any CPU.Build.0 = Release|Any CPU
	EndGlobalSection
	GlobalSection(SolutionProperties) = preSolution
		HideSolutionNode = FALSE
	EndGlobalSection
	GlobalSection(ExtensibilityGlobals) = postSolution
		SolutionGuid = {CCACBE3C-DD56-4DDA-95F3-6B8EC51667BB}
	EndGlobalSection
EndGlobal
